
Microsoft Visual Studio Solution File, Format Version 12.00
# Visual Studio Version 16
VisualStudioVersion = 16.0.29326.143
MinimumVisualStudioVersion = 10.0.40219.1
Project("{FAE04EC0-301F-11D3-BF4B-00C04F79EFBC}") = "CarRentalAdatSolutions", "CarRentalAdatSolutions\CarRentalAdatSolutions.csproj", "{3BF1755E-3A80-498C-81DB-FCBE85F5B33B}"
EndProject
Global
	GlobalSection(SolutionConfigurationPlatforms) = preSolution
		Debug|Any CPU = Debug|Any CPU
		Release|Any CPU = Release|Any CPU
	EndGlobalSection
	GlobalSection(ProjectConfigurationPlatforms) = postSolution
		{3BF1755E-3A80-498C-81DB-FCBE85F5B33B}.Debug|Any CPU.ActiveCfg = Debug|Any CPU
		{3BF1755E-3A80-498C-81DB-FCBE85F5B33B}.Debug|Any CPU.Build.0 = Debug|Any CPU
		{3BF1755E-3A80-498C-81DB-FCBE85F5B33B}.Release|Any CPU.ActiveCfg = Release|Any CPU
		{3BF1755E-3A80-498C-81DB-FCBE85F5B33B}.Release|Any CPU.Build.0 = Release|Any CPU
	EndGlobalSection
	GlobalSection(SolutionProperties) = preSolution
		HideSolutionNode = FALSE
	EndGlobalSection
	GlobalSection(ExtensibilityGlobals) = postSolution
		SolutionGuid = {88CE28D5-533D-416C-8261-B2997FD8D3DF}
	EndGlobalSection
EndGlobal
